
Microsoft Visual Studio Solution File, Format Version 12.00
# Visual Studio Version 17
VisualStudioVersion = 17.5.002.0
MinimumVisualStudioVersion = 10.0.40219.1
Project("{2150E333-8FDC-42A3-9474-1A3956D46DE8}") = "csharp-prep", "csharp-prep", "{75785E5A-384B-4C68-8498-2B402DC34B58}"
EndProject
Project("{9A19103F-16F7-4668-BE54-9A1E7A4F7556}") = "Prep1", "csharp-prep\Prep1\Prep1.csproj", "{F090DC19-C367-4FF2-94D8-6B502E18AD23}"
EndProject
Project("{9A19103F-16F7-4668-BE54-9A1E7A4F7556}") = "Prep2", "csharp-prep\Prep2\Prep2.csproj", "{A9DDF4B4-E5A4-4FF0-A9BC-201582769E23}"
EndProject
Project("{9A19103F-16F7-4668-BE54-9A1E7A4F7556}") = "Prep3", "csharp-prep\Prep3\Prep3.csproj", "{C6056F33-3F9B-4367-9FEE-7DAA909456A1}"
EndProject
Project("{9A19103F-16F7-4668-BE54-9A1E7A4F7556}") = "Prep4", "csharp-prep\Prep4\Prep4.csproj", "{14F2A977-1FFA-4600-8CA1-DB2F14EA02B2}"
EndProject
Project("{9A19103F-16F7-4668-BE54-9A1E7A4F7556}") = "Prep5", "csharp-prep\Prep5\Prep5.csproj", "{8F93EDA0-B260-489F-A04A-C13290157160}"
EndProject
Project("{2150E333-8FDC-42A3-9474-1A3956D46DE8}") = "final", "final", "{169DBE4A-3FF2-4FAA-85A0-E786E81F8F76}"
EndProject
Project("{9A19103F-16F7-4668-BE54-9A1E7A4F7556}") = "FinalProject", "final\FinalProject\FinalProject.csproj", "{4F74D5BF-6DAF-4BDE-9EEA-B1D2D8819BFD}"
EndProject
Project("{9A19103F-16F7-4668-BE54-9A1E7A4F7556}") = "Foundation1", "final\Foundation1\Foundation1.csproj", "{4DF9A3CE-E9AC-4539-8211-E922AA41C561}"
EndProject
Project("{9A19103F-16F7-4668-BE54-9A1E7A4F7556}") = "Foundation2", "final\Foundation2\Foundation2.csproj", "{AB3560A8-F3CF-4649-9E01-1E80EE74FD44}"
EndProject
Project("{9A19103F-16F7-4668-BE54-9A1E7A4F7556}") = "Foundation3", "final\Foundation3\Foundation3.csproj", "{88B8A93E-633C-434A-A25C-64C62B67BEE1}"
EndProject
Project("{9A19103F-16F7-4668-BE54-9A1E7A4F7556}") = "Foundation4", "final\Foundation4\Foundation4.csproj", "{2C2FA0EE-F4B3-47B5-A8DB-D87E861C6D08}"
EndProject
Project("{2150E333-8FDC-42A3-9474-1A3956D46DE8}") = "prepare", "prepare", "{8C2B9DB7-8915-4821-B93E-8A2EC88B8EF6}"
EndProject
Project("{9A19103F-16F7-4668-BE54-9A1E7A4F7556}") = "Learning02", "prepare\Learning02\Learning02.csproj", "{C7D9E2DD-036C-4A6C-9173-438BC79D6EE9}"
EndProject
Project("{9A19103F-16F7-4668-BE54-9A1E7A4F7556}") = "Learning03", "prepare\Learning03\Learning03.csproj", "{1FC5B77E-A8FB-492F-AEB2-C9561BC84A9A}"
EndProject
Project("{9A19103F-16F7-4668-BE54-9A1E7A4F7556}") = "Learning04", "prepare\Learning04\Learning04.csproj", "{6CFF79E6-19E7-4B0E-A843-F3CB51815DFE}"
EndProject
Project("{9A19103F-16F7-4668-BE54-9A1E7A4F7556}") = "Learning05", "prepare\Learning05\Learning05.csproj", "{6F72AA99-AC78-42F3-81CA-71C61B1D5978}"
EndProject
Project("{2150E333-8FDC-42A3-9474-1A3956D46DE8}") = "prove", "prove", "{65694806-FDDE-42ED-AAE7-8E5DE3018F4B}"
EndProject
Project("{9A19103F-16F7-4668-BE54-9A1E7A4F7556}") = "Develop02", "prove\Develop02\Develop02.csproj", "{932D7325-FC58-4A2E-87C0-1130BCE9D4C6}"
EndProject
Project("{9A19103F-16F7-4668-BE54-9A1E7A4F7556}") = "Develop03", "prove\Develop03\Develop03.csproj", "{03644E53-1287-489A-9676-D07431DB50C1}"
EndProject
Project("{9A19103F-16F7-4668-BE54-9A1E7A4F7556}") = "Develop04", "prove\Develop04\Develop04.csproj", "{A8876D17-FC44-4068-9BFE-0BAEA782785E}"
EndProject
Project("{9A19103F-16F7-4668-BE54-9A1E7A4F7556}") = "Develop05", "prove\Develop05\Develop05.csproj", "{B54E17D6-1091-4359-AB27-5CAB3A63297B}"
EndProject
Project("{2150E333-8FDC-42A3-9474-1A3956D46DE8}") = "sandbox", "sandbox", "{4DEECF7D-AABB-48D8-AF76-D50E5D7D7E82}"
EndProject
Project("{9A19103F-16F7-4668-BE54-9A1E7A4F7556}") = "Sandbox", "sandbox\Sandbox\Sandbox.csproj", "{E3930417-3102-476F-9A92-559AD799E5CE}"
EndProject
Global
	GlobalSection(SolutionConfigurationPlatforms) = preSolution
		Debug|Any CPU = Debug|Any CPU
		Release|Any CPU = Release|Any CPU
	EndGlobalSection
	GlobalSection(ProjectConfigurationPlatforms) = postSolution
		{F090DC19-C367-4FF2-94D8-6B502E18AD23}.Debug|Any CPU.ActiveCfg = Debug|Any CPU
		{F090DC19-C367-4FF2-94D8-6B502E18AD23}.Debug|Any CPU.Build.0 = Debug|Any CPU
		{F090DC19-C367-4FF2-94D8-6B502E18AD23}.Release|Any CPU.ActiveCfg = Release|Any CPU
		{F090DC19-C367-4FF2-94D8-6B502E18AD23}.Release|Any CPU.Build.0 = Release|Any CPU
		{A9DDF4B4-E5A4-4FF0-A9BC-201582769E23}.Debug|Any CPU.ActiveCfg = Debug|Any CPU
		{A9DDF4B4-E5A4-4FF0-A9BC-201582769E23}.Debug|Any CPU.Build.0 = Debug|Any CPU
		{A9DDF4B4-E5A4-4FF0-A9BC-201582769E23}.Release|Any CPU.ActiveCfg = Release|Any CPU
		{A9DDF4B4-E5A4-4FF0-A9BC-201582769E23}.Release|Any CPU.Build.0 = Release|Any CPU
		{C6056F33-3F9B-4367-9FEE-7DAA909456A1}.Debug|Any CPU.ActiveCfg = Debug|Any CPU
		{C6056F33-3F9B-4367-9FEE-7DAA909456A1}.Debug|Any CPU.Build.0 = Debug|Any CPU
		{C6056F33-3F9B-4367-9FEE-7DAA909456A1}.Release|Any CPU.ActiveCfg = Release|Any CPU
		{C6056F33-3F9B-4367-9FEE-7DAA909456A1}.Release|Any CPU.Build.0 = Release|Any CPU
		{14F2A977-1FFA-4600-8CA1-DB2F14EA02B2}.Debug|Any CPU.ActiveCfg = Debug|Any CPU
		{14F2A977-1FFA-4600-8CA1-DB2F14EA02B2}.Debug|Any CPU.Build.0 = Debug|Any CPU
		{14F2A977-1FFA-4600-8CA1-DB2F14EA02B2}.Release|Any CPU.ActiveCfg = Release|Any CPU
		{14F2A977-1FFA-4600-8CA1-DB2F14EA02B2}.Release|Any CPU.Build.0 = Release|Any CPU
		{8F93EDA0-B260-489F-A04A-C13290157160}.Debug|Any CPU.ActiveCfg = Debug|Any CPU
		{8F93EDA0-B260-489F-A04A-C13290157160}.Debug|Any CPU.Build.0 = Debug|Any CPU
		{8F93EDA0-B260-489F-A04A-C13290157160}.Release|Any CPU.ActiveCfg = Release|Any CPU
		{8F93EDA0-B260-489F-A04A-C13290157160}.Release|Any CPU.Build.0 = Release|Any CPU
		{4F74D5BF-6DAF-4BDE-9EEA-B1D2D8819BFD}.Debug|Any CPU.ActiveCfg = Debug|Any CPU
		{4F74D5BF-6DAF-4BDE-9EEA-B1D2D8819BFD}.Debug|Any CPU.Build.0 = Debug|Any CPU
		{4F74D5BF-6DAF-4BDE-9EEA-B1D2D8819BFD}.Release|Any CPU.ActiveCfg = Release|Any CPU
		{4F74D5BF-6DAF-4BDE-9EEA-B1D2D8819BFD}.Release|Any CPU.Build.0 = Release|Any CPU
		{4DF9A3CE-E9AC-4539-8211-E922AA41C561}.Debug|Any CPU.ActiveCfg = Debug|Any CPU
		{4DF9A3CE-E9AC-4539-8211-E922AA41C561}.Debug|Any CPU.Build.0 = Debug|Any CPU
		{4DF9A3CE-E9AC-4539-8211-E922AA41C561}.Release|Any CPU.ActiveCfg = Release|Any CPU
		{4DF9A3CE-E9AC-4539-8211-E922AA41C561}.Release|Any CPU.Build.0 = Release|Any CPU
		{AB3560A8-F3CF-4649-9E01-1E80EE74FD44}.Debug|Any CPU.ActiveCfg = Debug|Any CPU
		{AB3560A8-F3CF-4649-9E01-1E80EE74FD44}.Debug|Any CPU.Build.0 = Debug|Any CPU
		{AB3560A8-F3CF-4649-9E01-1E80EE74FD44}.Release|Any CPU.ActiveCfg = Release|Any CPU
		{AB3560A8-F3CF-4649-9E01-1E80EE74FD44}.Release|Any CPU.Build.0 = Release|Any CPU
		{88B8A93E-633C-434A-A25C-64C62B67BEE1}.Debug|Any CPU.ActiveCfg = Debug|Any CPU
		{88B8A93E-633C-434A-A25C-64C62B67BEE1}.Debug|Any CPU.Build.0 = Debug|Any CPU
		{88B8A93E-633C-434A-A25C-64C62B67BEE1}.Release|Any CPU.ActiveCfg = Release|Any CPU
		{88B8A93E-633C-434A-A25C-64C62B67BEE1}.Release|Any CPU.Build.0 = Release|Any CPU
		{2C2FA0EE-F4B3-47B5-A8DB-D87E861C6D08}.Debug|Any CPU.ActiveCfg = Debug|Any CPU
		{2C2FA0EE-F4B3-47B5-A8DB-D87E861C6D08}.Debug|Any CPU.Build.0 = Debug|Any CPU
		{2C2FA0EE-F4B3-47B5-A8DB-D87E861C6D08}.Release|Any CPU.ActiveCfg = Release|Any CPU
		{2C2FA0EE-F4B3-47B5-A8DB-D87E861C6D08}.Release|Any CPU.Build.0 = Release|Any CPU
		{C7D9E2DD-036C-4A6C-9173-438BC79D6EE9}.Debug|Any CPU.ActiveCfg = Debug|Any CPU
		{C7D9E2DD-036C-4A6C-9173-438BC79D6EE9}.Debug|Any CPU.Build.0 = Debug|Any CPU
		{C7D9E2DD-036C-4A6C-9173-438BC79D6EE9}.Release|Any CPU.ActiveCfg = Release|Any CPU
		{C7D9E2DD-036C-4A6C-9173-438BC79D6EE9}.Release|Any CPU.Build.0 = Release|Any CPU
		{1FC5B77E-A8FB-492F-AEB2-C9561BC84A9A}.Debug|Any CPU.ActiveCfg = Debug|Any CPU
		{1FC5B77E-A8FB-492F-AEB2-C9561BC84A9A}.Debug|Any CPU.Build.0 = Debug|Any CPU
		{1FC5B77E-A8FB-492F-AEB2-C9561BC84A9A}.Release|Any CPU.ActiveCfg = Release|Any CPU
		{1FC5B77E-A8FB-492F-AEB2-C9561BC84A9A}.Release|Any CPU.Build.0 = Release|Any CPU
		{6CFF79E6-19E7-4B0E-A843-F3CB51815DFE}.Debug|Any CPU.ActiveCfg = Debug|Any CPU
		{6CFF79E6-19E7-4B0E-A843-F3CB51815DFE}.Debug|Any CPU.Build.0 = Debug|Any CPU
		{6CFF79E6-19E7-4B0E-A843-F3CB51815DFE}.Release|Any CPU.ActiveCfg = Release|Any CPU
		{6CFF79E6-19E7-4B0E-A843-F3CB51815DFE}.Release|Any CPU.Build.0 = Release|Any CPU
		{6F72AA99-AC78-42F3-81CA-71C61B1D5978}.Debug|Any CPU.ActiveCfg = Debug|Any CPU
		{6F72AA99-AC78-42F3-81CA-71C61B1D5978}.Debug|Any CPU.Build.0 = Debug|Any CPU
		{6F72AA99-AC78-42F3-81CA-71C61B1D5978}.Release|Any CPU.ActiveCfg = Release|Any CPU
		{6F72AA99-AC78-42F3-81CA-71C61B1D5978}.Release|Any CPU.Build.0 = Release|Any CPU
		{932D7325-FC58-4A2E-87C0-1130BCE9D4C6}.Debug|Any CPU.ActiveCfg = Debug|Any CPU
		{932D7325-FC58-4A2E-87C0-1130BCE9D4C6}.Debug|Any CPU.Build.0 = Debug|Any CPU
		{932D7325-FC58-4A2E-87C0-1130BCE9D4C6}.Release|Any CPU.ActiveCfg = Release|Any CPU
		{932D7325-FC58-4A2E-87C0-1130BCE9D4C6}.Release|Any CPU.Build.0 = Release|Any CPU
		{03644E53-1287-489A-9676-D07431DB50C1}.Debug|Any CPU.ActiveCfg = Debug|Any CPU
		{03644E53-1287-489A-9676-D07431DB50C1}.Debug|Any CPU.Build.0 = Debug|Any CPU
		{03644E53-1287-489A-9676-D07431DB50C1}.Release|Any CPU.ActiveCfg = Release|Any CPU
		{03644E53-1287-489A-9676-D07431DB50C1}.Release|Any CPU.Build.0 = Release|Any CPU
		{A8876D17-FC44-4068-9BFE-0BAEA782785E}.Debug|Any CPU.ActiveCfg = Debug|Any CPU
		{A8876D17-FC44-4068-9BFE-0BAEA782785E}.Debug|Any CPU.Build.0 = Debug|Any CPU
		{A8876D17-FC44-4068-9BFE-0BAEA782785E}.Release|Any CPU.ActiveCfg = Release|Any CPU
		{A8876D17-FC44-4068-9BFE-0BAEA782785E}.Release|Any CPU.Build.0 = Release|Any CPU
		{B54E17D6-1091-4359-AB27-5CAB3A63297B}.Debug|Any CPU.ActiveCfg = Debug|Any CPU
		{B54E17D6-1091-4359-AB27-5CAB3A63297B}.Debug|Any CPU.Build.0 = Debug|Any CPU
		{B54E17D6-1091-4359-AB27-5CAB3A63297B}.Release|Any CPU.ActiveCfg = Release|Any CPU
		{B54E17D6-1091-4359-AB27-5CAB3A63297B}.Release|Any CPU.Build.0 = Release|Any CPU
		{E3930417-3102-476F-9A92-559AD799E5CE}.Debug|Any CPU.ActiveCfg = Debug|Any CPU
		{E3930417-3102-476F-9A92-559AD799E5CE}.Debug|Any CPU.Build.0 = Debug|Any CPU
		{E3930417-3102-476F-9A92-559AD799E5CE}.Release|Any CPU.ActiveCfg = Release|Any CPU
		{E3930417-3102-476F-9A92-559AD799E5CE}.Release|Any CPU.Build.0 = Release|Any CPU
	EndGlobalSection
	GlobalSection(SolutionProperties) = preSolution
		HideSolutionNode = FALSE
	EndGlobalSection
	GlobalSection(NestedProjects) = preSolution
		{F090DC19-C367-4FF2-94D8-6B502E18AD23} = {75785E5A-384B-4C68-8498-2B402DC34B58}
		{A9DDF4B4-E5A4-4FF0-A9BC-201582769E23} = {75785E5A-384B-4C68-8498-2B402DC34B58}
		{C6056F33-3F9B-4367-9FEE-7DAA909456A1} = {75785E5A-384B-4C68-8498-2B402DC34B58}
		{14F2A977-1FFA-4600-8CA1-DB2F14EA02B2} = {75785E5A-384B-4C68-8498-2B402DC34B58}
		{8F93EDA0-B260-489F-A04A-C13290157160} = {75785E5A-384B-4C68-8498-2B402DC34B58}
		{4F74D5BF-6DAF-4BDE-9EEA-B1D2D8819BFD} = {169DBE4A-3FF2-4FAA-85A0-E786E81F8F76}
		{4DF9A3CE-E9AC-4539-8211-E922AA41C561} = {169DBE4A-3FF2-4FAA-85A0-E786E81F8F76}
		{AB3560A8-F3CF-4649-9E01-1E80EE74FD44} = {169DBE4A-3FF2-4FAA-85A0-E786E81F8F76}
		{88B8A93E-633C-434A-A25C-64C62B67BEE1} = {169DBE4A-3FF2-4FAA-85A0-E786E81F8F76}
		{2C2FA0EE-F4B3-47B5-A8DB-D87E861C6D08} = {169DBE4A-3FF2-4FAA-85A0-E786E81F8F76}
		{C7D9E2DD-036C-4A6C-9173-438BC79D6EE9} = {8C2B9DB7-8915-4821-B93E-8A2EC88B8EF6}
		{1FC5B77E-A8FB-492F-AEB2-C9561BC84A9A} = {8C2B9DB7-8915-4821-B93E-8A2EC88B8EF6}
		{6CFF79E6-19E7-4B0E-A843-F3CB51815DFE} = {8C2B9DB7-8915-4821-B93E-8A2EC88B8EF6}
		{6F72AA99-AC78-42F3-81CA-71C61B1D5978} = {8C2B9DB7-8915-4821-B93E-8A2EC88B8EF6}
		{932D7325-FC58-4A2E-87C0-1130BCE9D4C6} = {65694806-FDDE-42ED-AAE7-8E5DE3018F4B}
		{03644E53-1287-489A-9676-D07431DB50C1} = {65694806-FDDE-42ED-AAE7-8E5DE3018F4B}
		{A8876D17-FC44-4068-9BFE-0BAEA782785E} = {65694806-FDDE-42ED-AAE7-8E5DE3018F4B}
		{B54E17D6-1091-4359-AB27-5CAB3A63297B} = {65694806-FDDE-42ED-AAE7-8E5DE3018F4B}
		{E3930417-3102-476F-9A92-559AD799E5CE} = {4DEECF7D-AABB-48D8-AF76-D50E5D7D7E82}
	EndGlobalSection
	GlobalSection(ExtensibilityGlobals) = postSolution
		SolutionGuid = {AA25CC53-DB17-4B2D-8277-7D01FB778432}
	EndGlobalSection
EndGlobal
